// !$*UTF8*$!
{
	archiveVersion = 1;
	classes = {
	};
	objectVersion = 56;
	objects = {

/* Begin PBXBuildFile section */
		2811C5272DAE72930094A148 /* LocationView.swift in Sources */ = {isa = PBXBuildFile; fileRef = 2811C5262DAE72930094A148 /* LocationView.swift */; };
		2811C5292DAE73460094A148 /* EditLocationView.swift in Sources */ = {isa = PBXBuildFile; fileRef = 2811C5282DAE73460094A148 /* EditLocationView.swift */; };
		2811C52B2DAEADEC0094A148 /* EntryModalView.swift in Sources */ = {isa = PBXBuildFile; fileRef = 2811C52A2DAEADEC0094A148 /* EntryModalView.swift */; };
		2817F0792BDDE4C100D4E44D /* .gitignore in Resources */ = {isa = PBXBuildFile; fileRef = 2817F0782BDDE4C100D4E44D /* .gitignore */; };
		282BDE6F2BD7282300218DDF /* TrackTrafficApp.swift in Sources */ = {isa = PBXBuildFile; fileRef = 282BDE6E2BD7282300218DDF /* TrackTrafficApp.swift */; };
		282BDE712BD7282300218DDF /* ContentView.swift in Sources */ = {isa = PBXBuildFile; fileRef = 282BDE702BD7282300218DDF /* ContentView.swift */; };
		282BDE732BD7282400218DDF /* Assets.xcassets in Resources */ = {isa = PBXBuildFile; fileRef = 282BDE722BD7282400218DDF /* Assets.xcassets */; };
		282BDE762BD7282400218DDF /* Preview Assets.xcassets in Resources */ = {isa = PBXBuildFile; fileRef = 282BDE752BD7282400218DDF /* Preview Assets.xcassets */; };
		285880FD2DA8B5DA005342DF /* Location.swift in Sources */ = {isa = PBXBuildFile; fileRef = 285880FC2DA8B5D9005342DF /* Location.swift */; };
		285C65D22DA75F41006AAF31 /* SettingsView.swift in Sources */ = {isa = PBXBuildFile; fileRef = 285C65D12DA75F41006AAF31 /* SettingsView.swift */; };
		285C65D42DA76B3E006AAF31 /* TabBarButton.swift in Sources */ = {isa = PBXBuildFile; fileRef = 285C65D32DA76B3E006AAF31 /* TabBarButton.swift */; };
		285C65D62DA76B67006AAF31 /* BottomTabBarView.swift in Sources */ = {isa = PBXBuildFile; fileRef = 285C65D52DA76B67006AAF31 /* BottomTabBarView.swift */; };
		2863B0C02DB32A240030270D /* SettingsViewModel.swift in Sources */ = {isa = PBXBuildFile; fileRef = 2863B0BF2DB32A240030270D /* SettingsViewModel.swift */; };
		2863B0C32DB33B170030270D /* AllTrafficViewModel.swift in Sources */ = {isa = PBXBuildFile; fileRef = 2863B0C22DB33B170030270D /* AllTrafficViewModel.swift */; };
		2863B0C52DB39FA30030270D /* TrafficViewModel.swift in Sources */ = {isa = PBXBuildFile; fileRef = 2863B0C42DB39FA30030270D /* TrafficViewModel.swift */; };
		28648F542BDB340C000EBC02 /* Track.swift in Sources */ = {isa = PBXBuildFile; fileRef = 28648F532BDB340C000EBC02 /* Track.swift */; };
		28648F562BDB348F000EBC02 /* TrackView.swift in Sources */ = {isa = PBXBuildFile; fileRef = 28648F552BDB348E000EBC02 /* TrackView.swift */; };
		28648F582BDB3623000EBC02 /* EditTrackView.swift in Sources */ = {isa = PBXBuildFile; fileRef = 28648F572BDB3623000EBC02 /* EditTrackView.swift */; };
		28A117002BD757D20037DB47 /* Person.swift in Sources */ = {isa = PBXBuildFile; fileRef = 28A116FF2BD757D20037DB47 /* Person.swift */; };
		28A117022BD75D7F0037DB47 /* EditPersonView.swift in Sources */ = {isa = PBXBuildFile; fileRef = 28A117012BD75D7F0037DB47 /* EditPersonView.swift */; };
		28D32C1E2DBC7CFE004F271E /* TrackViewModel.swift in Sources */ = {isa = PBXBuildFile; fileRef = 28D32C1D2DBC7CFE004F271E /* TrackViewModel.swift */; };
		28D32C202DBC830E004F271E /* LocationViewModel.swift in Sources */ = {isa = PBXBuildFile; fileRef = 28D32C1F2DBC830E004F271E /* LocationViewModel.swift */; };
		28E309992BE0963900CE4E1D /* AllTrafficView.swift in Sources */ = {isa = PBXBuildFile; fileRef = 28E309982BE0963900CE4E1D /* AllTrafficView.swift */; };
		28F577012BD9BB4400B9F331 /* PersonView.swift in Sources */ = {isa = PBXBuildFile; fileRef = 28F577002BD9BB4400B9F331 /* PersonView.swift */; };
		28F577032BD9C52400B9F331 /* TrafficView.swift in Sources */ = {isa = PBXBuildFile; fileRef = 28F577022BD9C52400B9F331 /* TrafficView.swift */; };
		28F577062BD9EE0D00B9F331 /* Traffic.swift in Sources */ = {isa = PBXBuildFile; fileRef = 28F577052BD9EE0D00B9F331 /* Traffic.swift */; };
/* End PBXBuildFile section */

/* Begin PBXFileReference section */
		2811C5262DAE72930094A148 /* LocationView.swift */ = {isa = PBXFileReference; lastKnownFileType = sourcecode.swift; path = LocationView.swift; sourceTree = "<group>"; };
		2811C5282DAE73460094A148 /* EditLocationView.swift */ = {isa = PBXFileReference; lastKnownFileType = sourcecode.swift; path = EditLocationView.swift; sourceTree = "<group>"; };
		2811C52A2DAEADEC0094A148 /* EntryModalView.swift */ = {isa = PBXFileReference; lastKnownFileType = sourcecode.swift; path = EntryModalView.swift; sourceTree = "<group>"; };
		2817F0782BDDE4C100D4E44D /* .gitignore */ = {isa = PBXFileReference; lastKnownFileType = text; path = .gitignore; sourceTree = "<group>"; };
		282BDE6B2BD7282300218DDF /* TrackTraffic.app */ = {isa = PBXFileReference; explicitFileType = wrapper.application; includeInIndex = 0; path = TrackTraffic.app; sourceTree = BUILT_PRODUCTS_DIR; };
		282BDE6E2BD7282300218DDF /* TrackTrafficApp.swift */ = {isa = PBXFileReference; lastKnownFileType = sourcecode.swift; path = TrackTrafficApp.swift; sourceTree = "<group>"; };
		282BDE702BD7282300218DDF /* ContentView.swift */ = {isa = PBXFileReference; lastKnownFileType = sourcecode.swift; path = ContentView.swift; sourceTree = "<group>"; };
		282BDE722BD7282400218DDF /* Assets.xcassets */ = {isa = PBXFileReference; lastKnownFileType = folder.assetcatalog; path = Assets.xcassets; sourceTree = "<group>"; };
		282BDE752BD7282400218DDF /* Preview Assets.xcassets */ = {isa = PBXFileReference; lastKnownFileType = folder.assetcatalog; path = "Preview Assets.xcassets"; sourceTree = "<group>"; };
		285880FC2DA8B5D9005342DF /* Location.swift */ = {isa = PBXFileReference; lastKnownFileType = sourcecode.swift; path = Location.swift; sourceTree = "<group>"; };
		285C65D12DA75F41006AAF31 /* SettingsView.swift */ = {isa = PBXFileReference; lastKnownFileType = sourcecode.swift; path = SettingsView.swift; sourceTree = "<group>"; };
		285C65D32DA76B3E006AAF31 /* TabBarButton.swift */ = {isa = PBXFileReference; lastKnownFileType = sourcecode.swift; path = TabBarButton.swift; sourceTree = "<group>"; };
		285C65D52DA76B67006AAF31 /* BottomTabBarView.swift */ = {isa = PBXFileReference; lastKnownFileType = sourcecode.swift; path = BottomTabBarView.swift; sourceTree = "<group>"; };
		2863B0BF2DB32A240030270D /* SettingsViewModel.swift */ = {isa = PBXFileReference; lastKnownFileType = sourcecode.swift; path = SettingsViewModel.swift; sourceTree = "<group>"; };
		2863B0C22DB33B170030270D /* AllTrafficViewModel.swift */ = {isa = PBXFileReference; lastKnownFileType = sourcecode.swift; path = AllTrafficViewModel.swift; sourceTree = "<group>"; };
		2863B0C42DB39FA30030270D /* TrafficViewModel.swift */ = {isa = PBXFileReference; lastKnownFileType = sourcecode.swift; path = TrafficViewModel.swift; sourceTree = "<group>"; };
		28648F532BDB340C000EBC02 /* Track.swift */ = {isa = PBXFileReference; lastKnownFileType = sourcecode.swift; path = Track.swift; sourceTree = "<group>"; };
		28648F552BDB348E000EBC02 /* TrackView.swift */ = {isa = PBXFileReference; lastKnownFileType = sourcecode.swift; path = TrackView.swift; sourceTree = "<group>"; };
		28648F572BDB3623000EBC02 /* EditTrackView.swift */ = {isa = PBXFileReference; lastKnownFileType = sourcecode.swift; path = EditTrackView.swift; sourceTree = "<group>"; };
		28A116FF2BD757D20037DB47 /* Person.swift */ = {isa = PBXFileReference; lastKnownFileType = sourcecode.swift; path = Person.swift; sourceTree = "<group>"; };
		28A117012BD75D7F0037DB47 /* EditPersonView.swift */ = {isa = PBXFileReference; lastKnownFileType = sourcecode.swift; path = EditPersonView.swift; sourceTree = "<group>"; };
		28D32C1D2DBC7CFE004F271E /* TrackViewModel.swift */ = {isa = PBXFileReference; lastKnownFileType = sourcecode.swift; path = TrackViewModel.swift; sourceTree = "<group>"; };
		28D32C1F2DBC830E004F271E /* LocationViewModel.swift */ = {isa = PBXFileReference; lastKnownFileType = sourcecode.swift; path = LocationViewModel.swift; sourceTree = "<group>"; };
		28E309982BE0963900CE4E1D /* AllTrafficView.swift */ = {isa = PBXFileReference; lastKnownFileType = sourcecode.swift; path = AllTrafficView.swift; sourceTree = "<group>"; };
		28F577002BD9BB4400B9F331 /* PersonView.swift */ = {isa = PBXFileReference; lastKnownFileType = sourcecode.swift; path = PersonView.swift; sourceTree = "<group>"; };
		28F577022BD9C52400B9F331 /* TrafficView.swift */ = {isa = PBXFileReference; lastKnownFileType = sourcecode.swift; path = TrafficView.swift; sourceTree = "<group>"; };
		28F577052BD9EE0D00B9F331 /* Traffic.swift */ = {isa = PBXFileReference; lastKnownFileType = sourcecode.swift; path = Traffic.swift; sourceTree = "<group>"; };
/* End PBXFileReference section */

/* Begin PBXFrameworksBuildPhase section */
		282BDE682BD7282300218DDF /* Frameworks */ = {
			isa = PBXFrameworksBuildPhase;
			buildActionMask = 2147483647;
			files = (
			);
			runOnlyForDeploymentPostprocessing = 0;
		};
/* End PBXFrameworksBuildPhase section */

/* Begin PBXGroup section */
		282BDE622BD7282300218DDF = {
			isa = PBXGroup;
			children = (
				2817F0782BDDE4C100D4E44D /* .gitignore */,
				282BDE6D2BD7282300218DDF /* TrackTraffic */,
				282BDE6C2BD7282300218DDF /* Products */,
			);
			sourceTree = "<group>";
		};
		282BDE6C2BD7282300218DDF /* Products */ = {
			isa = PBXGroup;
			children = (
				282BDE6B2BD7282300218DDF /* TrackTraffic.app */,
			);
			name = Products;
			sourceTree = "<group>";
		};
		282BDE6D2BD7282300218DDF /* TrackTraffic */ = {
			isa = PBXGroup;
			children = (
				282BDE6E2BD7282300218DDF /* TrackTrafficApp.swift */,
				28F577042BD9C53C00B9F331 /* Models */,
				28C74D822DB09F4B00D487E2 /* View */,
				285C65D32DA76B3E006AAF31 /* TabBarButton.swift */,
				285C65D52DA76B67006AAF31 /* BottomTabBarView.swift */,
				28F577002BD9BB4400B9F331 /* PersonView.swift */,
				2863B0C12DB32A310030270D /* ViewModel */,
				28A117012BD75D7F0037DB47 /* EditPersonView.swift */,
				2811C5282DAE73460094A148 /* EditLocationView.swift */,
				2811C52A2DAEADEC0094A148 /* EntryModalView.swift */,
				28648F572BDB3623000EBC02 /* EditTrackView.swift */,
				282BDE722BD7282400218DDF /* Assets.xcassets */,
				282BDE742BD7282400218DDF /* Preview Content */,
			);
			path = TrackTraffic;
			sourceTree = "<group>";
		};
		282BDE742BD7282400218DDF /* Preview Content */ = {
			isa = PBXGroup;
			children = (
				282BDE752BD7282400218DDF /* Preview Assets.xcassets */,
			);
			path = "Preview Content";
			sourceTree = "<group>";
		};
		2863B0C12DB32A310030270D /* ViewModel */ = {
			isa = PBXGroup;
			children = (
				2863B0BF2DB32A240030270D /* SettingsViewModel.swift */,
				28D32C1F2DBC830E004F271E /* LocationViewModel.swift */,
				28D32C1D2DBC7CFE004F271E /* TrackViewModel.swift */,
				2863B0C42DB39FA30030270D /* TrafficViewModel.swift */,
				2863B0C22DB33B170030270D /* AllTrafficViewModel.swift */,
			);
			path = ViewModel;
			sourceTree = "<group>";
		};
		28C74D822DB09F4B00D487E2 /* View */ = {
			isa = PBXGroup;
			children = (
				282BDE702BD7282300218DDF /* ContentView.swift */,
				285C65D12DA75F41006AAF31 /* SettingsView.swift */,
				28E309982BE0963900CE4E1D /* AllTrafficView.swift */,
				28F577022BD9C52400B9F331 /* TrafficView.swift */,
				28648F552BDB348E000EBC02 /* TrackView.swift */,
				2811C5262DAE72930094A148 /* LocationView.swift */,
			);
			path = View;
			sourceTree = "<group>";
		};
		28F577042BD9C53C00B9F331 /* Models */ = {
			isa = PBXGroup;
			children = (
				28A116FF2BD757D20037DB47 /* Person.swift */,
				28648F532BDB340C000EBC02 /* Track.swift */,
				285880FC2DA8B5D9005342DF /* Location.swift */,
				28F577052BD9EE0D00B9F331 /* Traffic.swift */,
			);
			path = Models;
			sourceTree = "<group>";
		};
/* End PBXGroup section */

/* Begin PBXNativeTarget section */
		282BDE6A2BD7282300218DDF /* TrackTraffic */ = {
			isa = PBXNativeTarget;
			buildConfigurationList = 282BDE792BD7282400218DDF /* Build configuration list for PBXNativeTarget "TrackTraffic" */;
			buildPhases = (
				282BDE672BD7282300218DDF /* Sources */,
				282BDE682BD7282300218DDF /* Frameworks */,
				282BDE692BD7282300218DDF /* Resources */,
			);
			buildRules = (
			);
			dependencies = (
			);
			name = TrackTraffic;
			productName = TrackTraffic;
			productReference = 282BDE6B2BD7282300218DDF /* TrackTraffic.app */;
			productType = "com.apple.product-type.application";
		};
/* End PBXNativeTarget section */

/* Begin PBXProject section */
		282BDE632BD7282300218DDF /* Project object */ = {
			isa = PBXProject;
			attributes = {
				BuildIndependentTargetsInParallel = 1;
				LastSwiftUpdateCheck = 1530;
				LastUpgradeCheck = 1630;
				TargetAttributes = {
					282BDE6A2BD7282300218DDF = {
						CreatedOnToolsVersion = 15.3;
					};
				};
			};
			buildConfigurationList = 282BDE662BD7282300218DDF /* Build configuration list for PBXProject "TrackTraffic" */;
			compatibilityVersion = "Xcode 14.0";
			developmentRegion = en;
			hasScannedForEncodings = 0;
			knownRegions = (
				en,
				Base,
			);
			mainGroup = 282BDE622BD7282300218DDF;
			productRefGroup = 282BDE6C2BD7282300218DDF /* Products */;
			projectDirPath = "";
			projectRoot = "";
			targets = (
				282BDE6A2BD7282300218DDF /* TrackTraffic */,
			);
		};
/* End PBXProject section */

/* Begin PBXResourcesBuildPhase section */
		282BDE692BD7282300218DDF /* Resources */ = {
			isa = PBXResourcesBuildPhase;
			buildActionMask = 2147483647;
			files = (
				282BDE762BD7282400218DDF /* Preview Assets.xcassets in Resources */,
				2817F0792BDDE4C100D4E44D /* .gitignore in Resources */,
				282BDE732BD7282400218DDF /* Assets.xcassets in Resources */,
			);
			runOnlyForDeploymentPostprocessing = 0;
		};
/* End PBXResourcesBuildPhase section */

/* Begin PBXSourcesBuildPhase section */
		282BDE672BD7282300218DDF /* Sources */ = {
			isa = PBXSourcesBuildPhase;
			buildActionMask = 2147483647;
			files = (
				28F577012BD9BB4400B9F331 /* PersonView.swift in Sources */,
				2811C5272DAE72930094A148 /* LocationView.swift in Sources */,
				2863B0C52DB39FA30030270D /* TrafficViewModel.swift in Sources */,
				285C65D62DA76B67006AAF31 /* BottomTabBarView.swift in Sources */,
				28A117022BD75D7F0037DB47 /* EditPersonView.swift in Sources */,
				285880FD2DA8B5DA005342DF /* Location.swift in Sources */,
				28D32C1E2DBC7CFE004F271E /* TrackViewModel.swift in Sources */,
				2863B0C02DB32A240030270D /* SettingsViewModel.swift in Sources */,
				28A117002BD757D20037DB47 /* Person.swift in Sources */,
				285C65D42DA76B3E006AAF31 /* TabBarButton.swift in Sources */,
				2811C5292DAE73460094A148 /* EditLocationView.swift in Sources */,
				2863B0C32DB33B170030270D /* AllTrafficViewModel.swift in Sources */,
				28648F542BDB340C000EBC02 /* Track.swift in Sources */,
				28648F562BDB348F000EBC02 /* TrackView.swift in Sources */,
				282BDE712BD7282300218DDF /* ContentView.swift in Sources */,
				28F577062BD9EE0D00B9F331 /* Traffic.swift in Sources */,
				28F577032BD9C52400B9F331 /* TrafficView.swift in Sources */,
				28D32C202DBC830E004F271E /* LocationViewModel.swift in Sources */,
				28648F582BDB3623000EBC02 /* EditTrackView.swift in Sources */,
				285C65D22DA75F41006AAF31 /* SettingsView.swift in Sources */,
				282BDE6F2BD7282300218DDF /* TrackTrafficApp.swift in Sources */,
				28E309992BE0963900CE4E1D /* AllTrafficView.swift in Sources */,
				2811C52B2DAEADEC0094A148 /* EntryModalView.swift in Sources */,
			);
			runOnlyForDeploymentPostprocessing = 0;
		};
/* End PBXSourcesBuildPhase section */

/* Begin XCBuildConfiguration section */
		282BDE772BD7282400218DDF /* Debug */ = {
			isa = XCBuildConfiguration;
			buildSettings = {
				ALWAYS_SEARCH_USER_PATHS = NO;
				ASSETCATALOG_COMPILER_GENERATE_SWIFT_ASSET_SYMBOL_EXTENSIONS = YES;
				CLANG_ANALYZER_NONNULL = YES;
				CLANG_ANALYZER_NUMBER_OBJECT_CONVERSION = YES_AGGRESSIVE;
				CLANG_CXX_LANGUAGE_STANDARD = "gnu++20";
				CLANG_ENABLE_MODULES = YES;
				CLANG_ENABLE_OBJC_ARC = YES;
				CLANG_ENABLE_OBJC_WEAK = YES;
				CLANG_WARN_BLOCK_CAPTURE_AUTORELEASING = YES;
				CLANG_WARN_BOOL_CONVERSION = YES;
				CLANG_WARN_COMMA = YES;
				CLANG_WARN_CONSTANT_CONVERSION = YES;
				CLANG_WARN_DEPRECATED_OBJC_IMPLEMENTATIONS = YES;
				CLANG_WARN_DIRECT_OBJC_ISA_USAGE = YES_ERROR;
				CLANG_WARN_DOCUMENTATION_COMMENTS = YES;
				CLANG_WARN_EMPTY_BODY = YES;
				CLANG_WARN_ENUM_CONVERSION = YES;
				CLANG_WARN_INFINITE_RECURSION = YES;
				CLANG_WARN_INT_CONVERSION = YES;
				CLANG_WARN_NON_LITERAL_NULL_CONVERSION = YES;
				CLANG_WARN_OBJC_IMPLICIT_RETAIN_SELF = YES;
				CLANG_WARN_OBJC_LITERAL_CONVERSION = YES;
				CLANG_WARN_OBJC_ROOT_CLASS = YES_ERROR;
				CLANG_WARN_QUOTED_INCLUDE_IN_FRAMEWORK_HEADER = YES;
				CLANG_WARN_RANGE_LOOP_ANALYSIS = YES;
				CLANG_WARN_STRICT_PROTOTYPES = YES;
				CLANG_WARN_SUSPICIOUS_MOVE = YES;
				CLANG_WARN_UNGUARDED_AVAILABILITY = YES_AGGRESSIVE;
				CLANG_WARN_UNREACHABLE_CODE = YES;
				CLANG_WARN__DUPLICATE_METHOD_MATCH = YES;
				COPY_PHASE_STRIP = NO;
				DEBUG_INFORMATION_FORMAT = dwarf;
				DEVELOPMENT_TEAM = UN432L4MFG;
				ENABLE_STRICT_OBJC_MSGSEND = YES;
				ENABLE_TESTABILITY = YES;
				ENABLE_USER_SCRIPT_SANDBOXING = YES;
				GCC_C_LANGUAGE_STANDARD = gnu17;
				GCC_DYNAMIC_NO_PIC = NO;
				GCC_NO_COMMON_BLOCKS = YES;
				GCC_OPTIMIZATION_LEVEL = 0;
				GCC_PREPROCESSOR_DEFINITIONS = (
					"DEBUG=1",
					"$(inherited)",
				);
				GCC_WARN_64_TO_32_BIT_CONVERSION = YES;
				GCC_WARN_ABOUT_RETURN_TYPE = YES_ERROR;
				GCC_WARN_UNDECLARED_SELECTOR = YES;
				GCC_WARN_UNINITIALIZED_AUTOS = YES_AGGRESSIVE;
				GCC_WARN_UNUSED_FUNCTION = YES;
				GCC_WARN_UNUSED_VARIABLE = YES;
				IPHONEOS_DEPLOYMENT_TARGET = 17.4;
				LOCALIZATION_PREFERS_STRING_CATALOGS = YES;
				MTL_ENABLE_DEBUG_INFO = INCLUDE_SOURCE;
				MTL_FAST_MATH = YES;
				ONLY_ACTIVE_ARCH = YES;
				SDKROOT = iphoneos;
				SWIFT_ACTIVE_COMPILATION_CONDITIONS = "DEBUG $(inherited)";
				SWIFT_OPTIMIZATION_LEVEL = "-Onone";
			};
			name = Debug;
		};
		282BDE782BD7282400218DDF /* Release */ = {
			isa = XCBuildConfiguration;
			buildSettings = {
				ALWAYS_SEARCH_USER_PATHS = NO;
				ASSETCATALOG_COMPILER_GENERATE_SWIFT_ASSET_SYMBOL_EXTENSIONS = YES;
				CLANG_ANALYZER_NONNULL = YES;
				CLANG_ANALYZER_NUMBER_OBJECT_CONVERSION = YES_AGGRESSIVE;
				CLANG_CXX_LANGUAGE_STANDARD = "gnu++20";
				CLANG_ENABLE_MODULES = YES;
				CLANG_ENABLE_OBJC_ARC = YES;
				CLANG_ENABLE_OBJC_WEAK = YES;
				CLANG_WARN_BLOCK_CAPTURE_AUTORELEASING = YES;
				CLANG_WARN_BOOL_CONVERSION = YES;
				CLANG_WARN_COMMA = YES;
				CLANG_WARN_CONSTANT_CONVERSION = YES;
				CLANG_WARN_DEPRECATED_OBJC_IMPLEMENTATIONS = YES;
				CLANG_WARN_DIRECT_OBJC_ISA_USAGE = YES_ERROR;
				CLANG_WARN_DOCUMENTATION_COMMENTS = YES;
				CLANG_WARN_EMPTY_BODY = YES;
				CLANG_WARN_ENUM_CONVERSION = YES;
				CLANG_WARN_INFINITE_RECURSION = YES;
				CLANG_WARN_INT_CONVERSION = YES;
				CLANG_WARN_NON_LITERAL_NULL_CONVERSION = YES;
				CLANG_WARN_OBJC_IMPLICIT_RETAIN_SELF = YES;
				CLANG_WARN_OBJC_LITERAL_CONVERSION = YES;
				CLANG_WARN_OBJC_ROOT_CLASS = YES_ERROR;
				CLANG_WARN_QUOTED_INCLUDE_IN_FRAMEWORK_HEADER = YES;
				CLANG_WARN_RANGE_LOOP_ANALYSIS = YES;
				CLANG_WARN_STRICT_PROTOTYPES = YES;
				CLANG_WARN_SUSPICIOUS_MOVE = YES;
				CLANG_WARN_UNGUARDED_AVAILABILITY = YES_AGGRESSIVE;
				CLANG_WARN_UNREACHABLE_CODE = YES;
				CLANG_WARN__DUPLICATE_METHOD_MATCH = YES;
				COPY_PHASE_STRIP = NO;
				DEBUG_INFORMATION_FORMAT = "dwarf-with-dsym";
				DEVELOPMENT_TEAM = UN432L4MFG;
				ENABLE_NS_ASSERTIONS = NO;
				ENABLE_STRICT_OBJC_MSGSEND = YES;
				ENABLE_USER_SCRIPT_SANDBOXING = YES;
				GCC_C_LANGUAGE_STANDARD = gnu17;
				GCC_NO_COMMON_BLOCKS = YES;
				GCC_WARN_64_TO_32_BIT_CONVERSION = YES;
				GCC_WARN_ABOUT_RETURN_TYPE = YES_ERROR;
				GCC_WARN_UNDECLARED_SELECTOR = YES;
				GCC_WARN_UNINITIALIZED_AUTOS = YES_AGGRESSIVE;
				GCC_WARN_UNUSED_FUNCTION = YES;
				GCC_WARN_UNUSED_VARIABLE = YES;
				IPHONEOS_DEPLOYMENT_TARGET = 17.4;
				LOCALIZATION_PREFERS_STRING_CATALOGS = YES;
				MTL_ENABLE_DEBUG_INFO = NO;
				MTL_FAST_MATH = YES;
				SDKROOT = iphoneos;
				SWIFT_COMPILATION_MODE = wholemodule;
				VALIDATE_PRODUCT = YES;
			};
			name = Release;
		};
		282BDE7A2BD7282400218DDF /* Debug */ = {
			isa = XCBuildConfiguration;
			buildSettings = {
				ASSETCATALOG_COMPILER_APPICON_NAME = AppIcon;
				ASSETCATALOG_COMPILER_GLOBAL_ACCENT_COLOR_NAME = AccentColor;
				CODE_SIGN_STYLE = Automatic;
				CURRENT_PROJECT_VERSION = 1;
				DEVELOPMENT_ASSET_PATHS = "\"TrackTraffic/Preview Content\"";
				ENABLE_PREVIEWS = YES;
				GENERATE_INFOPLIST_FILE = YES;
				INFOPLIST_KEY_UIApplicationSceneManifest_Generation = YES;
				INFOPLIST_KEY_UILaunchScreen_Generation = YES;
				INFOPLIST_KEY_UIRequiresFullScreen = YES;
				INFOPLIST_KEY_UIStatusBarStyle = UIStatusBarStyleLightContent;
				INFOPLIST_KEY_UISupportedInterfaceOrientations = UIInterfaceOrientationPortrait;
				IPHONEOS_DEPLOYMENT_TARGET = 18.0;
				LD_RUNPATH_SEARCH_PATHS = (
					"$(inherited)",
					"@executable_path/Frameworks",
				);
				MARKETING_VERSION = 1.0;
				PRODUCT_BUNDLE_IDENTIFIER = Zima.TrackTraffic;
				PRODUCT_NAME = "$(TARGET_NAME)";
				SWIFT_EMIT_LOC_STRINGS = YES;
				SWIFT_VERSION = 5.0;
				TARGETED_DEVICE_FAMILY = "1,2";
			};
			name = Debug;
		};
		282BDE7B2BD7282400218DDF /* Release */ = {
			isa = XCBuildConfiguration;
			buildSettings = {
				ASSETCATALOG_COMPILER_APPICON_NAME = AppIcon;
				ASSETCATALOG_COMPILER_GLOBAL_ACCENT_COLOR_NAME = AccentColor;
				CODE_SIGN_STYLE = Automatic;
				CURRENT_PROJECT_VERSION = 1;
				DEVELOPMENT_ASSET_PATHS = "\"TrackTraffic/Preview Content\"";
				ENABLE_PREVIEWS = YES;
				GENERATE_INFOPLIST_FILE = YES;
				INFOPLIST_KEY_UIApplicationSceneManifest_Generation = YES;
				INFOPLIST_KEY_UILaunchScreen_Generation = YES;
				INFOPLIST_KEY_UIRequiresFullScreen = YES;
				INFOPLIST_KEY_UIStatusBarStyle = UIStatusBarStyleLightContent;
				INFOPLIST_KEY_UISupportedInterfaceOrientations = UIInterfaceOrientationPortrait;
				IPHONEOS_DEPLOYMENT_TARGET = 18.0;
				LD_RUNPATH_SEARCH_PATHS = (
					"$(inherited)",
					"@executable_path/Frameworks",
				);
				MARKETING_VERSION = 1.0;
				PRODUCT_BUNDLE_IDENTIFIER = Zima.TrackTraffic;
				PRODUCT_NAME = "$(TARGET_NAME)";
				SWIFT_EMIT_LOC_STRINGS = YES;
				SWIFT_VERSION = 5.0;
				TARGETED_DEVICE_FAMILY = "1,2";
			};
			name = Release;
		};
/* End XCBuildConfiguration section */

/* Begin XCConfigurationList section */
		282BDE662BD7282300218DDF /* Build configuration list for PBXProject "TrackTraffic" */ = {
			isa = XCConfigurationList;
			buildConfigurations = (
				282BDE772BD7282400218DDF /* Debug */,
				282BDE782BD7282400218DDF /* Release */,
			);
			defaultConfigurationIsVisible = 0;
			defaultConfigurationName = Release;
		};
		282BDE792BD7282400218DDF /* Build configuration list for PBXNativeTarget "TrackTraffic" */ = {
			isa = XCConfigurationList;
			buildConfigurations = (
				282BDE7A2BD7282400218DDF /* Debug */,
				282BDE7B2BD7282400218DDF /* Release */,
			);
			defaultConfigurationIsVisible = 0;
			defaultConfigurationName = Release;
		};
/* End XCConfigurationList section */
	};
	rootObject = 282BDE632BD7282300218DDF /* Project object */;
}
